// !$*UTF8*$!
{
	archiveVersion = 1;
	classes = {
	};
	objectVersion = 54;
	objects = {

/* Begin PBXBuildFile section */
		00E356F31AD99517003FC87E /* news_coolTests.m in Sources */ = {isa = PBXBuildFile; fileRef = 00E356F21AD99517003FC87E /* news_coolTests.m */; };
		03CE57BC7FA442A587127A42 /* Roboto-Thin.ttf in Resources */ = {isa = PBXBuildFile; fileRef = B699E95983D8404AB880AC15 /* Roboto-Thin.ttf */; };
		0C6621C3DB504741B476C4FB /* Roboto-BoldItalic.ttf in Resources */ = {isa = PBXBuildFile; fileRef = 00335761E20D4E3294E64E3D /* Roboto-BoldItalic.ttf */; };
		129CA63F160547A793D34D9D /* Montserrat-ExtraLightItalic.ttf in Resources */ = {isa = PBXBuildFile; fileRef = AA1D8B3063E74A5E88AED5B5 /* Montserrat-ExtraLightItalic.ttf */; };
		13B07FBC1A68108700A75B9A /* AppDelegate.mm in Sources */ = {isa = PBXBuildFile; fileRef = 13B07FB01A68108700A75B9A /* AppDelegate.mm */; };
		13B07FBF1A68108700A75B9A /* Images.xcassets in Resources */ = {isa = PBXBuildFile; fileRef = 13B07FB51A68108700A75B9A /* Images.xcassets */; };
		13B07FC11A68108700A75B9A /* main.m in Sources */ = {isa = PBXBuildFile; fileRef = 13B07FB71A68108700A75B9A /* main.m */; };
		1587112825A14356996B6287 /* Roboto-ThinItalic.ttf in Resources */ = {isa = PBXBuildFile; fileRef = 84BC620AB2924D0BB3BD5B70 /* Roboto-ThinItalic.ttf */; };
		274C71CCCE074A8E88605147 /* Montserrat-Bold.ttf in Resources */ = {isa = PBXBuildFile; fileRef = 2A2158868F034F01A6283AB9 /* Montserrat-Bold.ttf */; };
		2B6D5182F4694A25B7B2DB41 /* Montserrat-Medium.ttf in Resources */ = {isa = PBXBuildFile; fileRef = 61281F5518294695BDAE0240 /* Montserrat-Medium.ttf */; };
		2D0D9EF08B5D4E7C879AD871 /* Roboto-BlackItalic.ttf in Resources */ = {isa = PBXBuildFile; fileRef = 42B35E1C0A0F4749BC0A7BE7 /* Roboto-BlackItalic.ttf */; };
		3A9D15024E2F4DEEA745FD58 /* Roboto-LightItalic.ttf in Resources */ = {isa = PBXBuildFile; fileRef = 7A9B855357154BC19C3FFDAA /* Roboto-LightItalic.ttf */; };
		416967DCD7AF4A12B52A28B4 /* Roboto-MediumItalic.ttf in Resources */ = {isa = PBXBuildFile; fileRef = 327E739EEDB542859C5BE356 /* Roboto-MediumItalic.ttf */; };
		4322B94E62134B1BAE6A0840 /* Montserrat-SemiBoldItalic.ttf in Resources */ = {isa = PBXBuildFile; fileRef = 400477AF0831468A892DBB9E /* Montserrat-SemiBoldItalic.ttf */; };
		48A0CB65E35F4CEF9F1A77B0 /* Montserrat-LightItalic.ttf in Resources */ = {isa = PBXBuildFile; fileRef = CC5B6017E7A94E76911925DF /* Montserrat-LightItalic.ttf */; };
		57CD2547D66D428E82BCE8C1 /* Roboto-Light.ttf in Resources */ = {isa = PBXBuildFile; fileRef = 7FE5AB184C4040AC8A1A06E3 /* Roboto-Light.ttf */; };
		5ACCBADD785079C21590967D /* libPods-news_cool.a in Frameworks */ = {isa = PBXBuildFile; fileRef = F7AC9EBC7475CFBA108CFE99 /* libPods-news_cool.a */; };
		635A19A14F654B34BE203892 /* Montserrat-Italic.ttf in Resources */ = {isa = PBXBuildFile; fileRef = CBC276775CD6465B9D100012 /* Montserrat-Italic.ttf */; };
		6F5ABD29596F21777F99CB5E /* libPods-news_cool-news_coolTests.a in Frameworks */ = {isa = PBXBuildFile; fileRef = 08D7CBDFFAD195240FBCABAF /* libPods-news_cool-news_coolTests.a */; };
		7383161CBD554D18A1557E15 /* Montserrat-BoldItalic.ttf in Resources */ = {isa = PBXBuildFile; fileRef = EAD2256B7BFD4E7B9FD885B0 /* Montserrat-BoldItalic.ttf */; };
		81AB9BB82411601600AC10FF /* LaunchScreen.storyboard in Resources */ = {isa = PBXBuildFile; fileRef = 81AB9BB72411601600AC10FF /* LaunchScreen.storyboard */; };
		9521F9EE710344338BD9EC0B /* Roboto-Black.ttf in Resources */ = {isa = PBXBuildFile; fileRef = 6A22B024FAF346239A298CFC /* Roboto-Black.ttf */; };
		9E9EC16662864FB0908ED899 /* Montserrat-SemiBold.ttf in Resources */ = {isa = PBXBuildFile; fileRef = 99CF43F177F94618BCE88F8F /* Montserrat-SemiBold.ttf */; };
		A603AA6210AE415B9CA8CCD1 /* Montserrat-Light.ttf in Resources */ = {isa = PBXBuildFile; fileRef = 40FF797EBFC04A6EBC13F247 /* Montserrat-Light.ttf */; };
		AF5B4C31020C4C3184166DB8 /* Montserrat-Thin.ttf in Resources */ = {isa = PBXBuildFile; fileRef = 247A1BD0995241E7961883B2 /* Montserrat-Thin.ttf */; };
		B0105625E11247B5BEE46D1C /* Montserrat-ExtraLight.ttf in Resources */ = {isa = PBXBuildFile; fileRef = 0797AFB64B2546EF968B5A61 /* Montserrat-ExtraLight.ttf */; };
		B2D7FC25B7284752908A2EF9 /* Montserrat-ExtraBold.ttf in Resources */ = {isa = PBXBuildFile; fileRef = 53266B3D04DC403EAA3FB39A /* Montserrat-ExtraBold.ttf */; };
		B7616B9CD6454FA0BD1EC5C0 /* Roboto-Italic.ttf in Resources */ = {isa = PBXBuildFile; fileRef = 005FD9699E6748CDA17DC21D /* Roboto-Italic.ttf */; };
		B95F167B318744D29B9BCC58 /* Roboto-Bold.ttf in Resources */ = {isa = PBXBuildFile; fileRef = 033813B078384ABF89C4962C /* Roboto-Bold.ttf */; };
		CFDB738421444203AE713EE7 /* Roboto-Medium.ttf in Resources */ = {isa = PBXBuildFile; fileRef = 1C795FBA4B74465081CC0B25 /* Roboto-Medium.ttf */; };
		D7B61EC8BF1B41F4858EA7D9 /* Montserrat-BlackItalic.ttf in Resources */ = {isa = PBXBuildFile; fileRef = F790CB51706F4710B54B53A1 /* Montserrat-BlackItalic.ttf */; };
		DB847B011E6945908E10BF56 /* Montserrat-Black.ttf in Resources */ = {isa = PBXBuildFile; fileRef = 77024B9AA895454B9D420DAD /* Montserrat-Black.ttf */; };
		E2172E7C0AEC480482A741DD /* Montserrat-Regular.ttf in Resources */ = {isa = PBXBuildFile; fileRef = A21730A816AD45C0804787E1 /* Montserrat-Regular.ttf */; };
		F11ACBC847344F15AFC830F1 /* Montserrat-MediumItalic.ttf in Resources */ = {isa = PBXBuildFile; fileRef = 0975C3E0502949DAB1CE20AC /* Montserrat-MediumItalic.ttf */; };
		F7C8DBDB6B2A462FA2A3582E /* Montserrat-ExtraBoldItalic.ttf in Resources */ = {isa = PBXBuildFile; fileRef = 22A70F6836A843FA94F88120 /* Montserrat-ExtraBoldItalic.ttf */; };
		FDFA21CB0BB04214B9470EFB /* Montserrat-ThinItalic.ttf in Resources */ = {isa = PBXBuildFile; fileRef = BFCA0E3CB25E40BE8CF0178C /* Montserrat-ThinItalic.ttf */; };
		FFDAD99F9F994D33ADC49368 /* Roboto-Regular.ttf in Resources */ = {isa = PBXBuildFile; fileRef = 8866DA7386E84A85A1BB6ED2 /* Roboto-Regular.ttf */; };
/* End PBXBuildFile section */

/* Begin PBXContainerItemProxy section */
		00E356F41AD99517003FC87E /* PBXContainerItemProxy */ = {
			isa = PBXContainerItemProxy;
			containerPortal = 83CBB9F71A601CBA00E9B192 /* Project object */;
			proxyType = 1;
			remoteGlobalIDString = 13B07F861A680F5B00A75B9A;
			remoteInfo = news_cool;
		};
/* End PBXContainerItemProxy section */

/* Begin PBXFileReference section */
		00335761E20D4E3294E64E3D /* Roboto-BoldItalic.ttf */ = {isa = PBXFileReference; explicitFileType = undefined; fileEncoding = undefined; includeInIndex = 0; lastKnownFileType = unknown; name = "Roboto-BoldItalic.ttf"; path = "../assets/font/Roboto-BoldItalic.ttf"; sourceTree = "<group>"; };
		005FD9699E6748CDA17DC21D /* Roboto-Italic.ttf */ = {isa = PBXFileReference; explicitFileType = undefined; fileEncoding = undefined; includeInIndex = 0; lastKnownFileType = unknown; name = "Roboto-Italic.ttf"; path = "../assets/font/Roboto-Italic.ttf"; sourceTree = "<group>"; };
		00E356EE1AD99517003FC87E /* news_coolTests.xctest */ = {isa = PBXFileReference; explicitFileType = wrapper.cfbundle; includeInIndex = 0; path = news_coolTests.xctest; sourceTree = BUILT_PRODUCTS_DIR; };
		00E356F11AD99517003FC87E /* Info.plist */ = {isa = PBXFileReference; lastKnownFileType = text.plist.xml; path = Info.plist; sourceTree = "<group>"; };
		00E356F21AD99517003FC87E /* news_coolTests.m */ = {isa = PBXFileReference; lastKnownFileType = sourcecode.c.objc; path = news_coolTests.m; sourceTree = "<group>"; };
		033813B078384ABF89C4962C /* Roboto-Bold.ttf */ = {isa = PBXFileReference; explicitFileType = undefined; fileEncoding = undefined; includeInIndex = 0; lastKnownFileType = unknown; name = "Roboto-Bold.ttf"; path = "../assets/font/Roboto-Bold.ttf"; sourceTree = "<group>"; };
		0797AFB64B2546EF968B5A61 /* Montserrat-ExtraLight.ttf */ = {isa = PBXFileReference; explicitFileType = undefined; fileEncoding = undefined; includeInIndex = 0; lastKnownFileType = unknown; name = "Montserrat-ExtraLight.ttf"; path = "../assets/font/Montserrat-ExtraLight.ttf"; sourceTree = "<group>"; };
		08D7CBDFFAD195240FBCABAF /* libPods-news_cool-news_coolTests.a */ = {isa = PBXFileReference; explicitFileType = archive.ar; includeInIndex = 0; path = "libPods-news_cool-news_coolTests.a"; sourceTree = BUILT_PRODUCTS_DIR; };
		0975C3E0502949DAB1CE20AC /* Montserrat-MediumItalic.ttf */ = {isa = PBXFileReference; explicitFileType = undefined; fileEncoding = undefined; includeInIndex = 0; lastKnownFileType = unknown; name = "Montserrat-MediumItalic.ttf"; path = "../assets/font/Montserrat-MediumItalic.ttf"; sourceTree = "<group>"; };
		13B07F961A680F5B00A75B9A /* news_cool.app */ = {isa = PBXFileReference; explicitFileType = wrapper.application; includeInIndex = 0; path = news_cool.app; sourceTree = BUILT_PRODUCTS_DIR; };
		13B07FAF1A68108700A75B9A /* AppDelegate.h */ = {isa = PBXFileReference; fileEncoding = 4; lastKnownFileType = sourcecode.c.h; name = AppDelegate.h; path = news_cool/AppDelegate.h; sourceTree = "<group>"; };
		13B07FB01A68108700A75B9A /* AppDelegate.mm */ = {isa = PBXFileReference; fileEncoding = 4; lastKnownFileType = sourcecode.cpp.objcpp; name = AppDelegate.mm; path = news_cool/AppDelegate.mm; sourceTree = "<group>"; };
		13B07FB51A68108700A75B9A /* Images.xcassets */ = {isa = PBXFileReference; lastKnownFileType = folder.assetcatalog; name = Images.xcassets; path = news_cool/Images.xcassets; sourceTree = "<group>"; };
		13B07FB61A68108700A75B9A /* Info.plist */ = {isa = PBXFileReference; fileEncoding = 4; lastKnownFileType = text.plist.xml; name = Info.plist; path = news_cool/Info.plist; sourceTree = "<group>"; };
		13B07FB71A68108700A75B9A /* main.m */ = {isa = PBXFileReference; fileEncoding = 4; lastKnownFileType = sourcecode.c.objc; name = main.m; path = news_cool/main.m; sourceTree = "<group>"; };
		1C795FBA4B74465081CC0B25 /* Roboto-Medium.ttf */ = {isa = PBXFileReference; explicitFileType = undefined; fileEncoding = undefined; includeInIndex = 0; lastKnownFileType = unknown; name = "Roboto-Medium.ttf"; path = "../assets/font/Roboto-Medium.ttf"; sourceTree = "<group>"; };
		22A70F6836A843FA94F88120 /* Montserrat-ExtraBoldItalic.ttf */ = {isa = PBXFileReference; explicitFileType = undefined; fileEncoding = undefined; includeInIndex = 0; lastKnownFileType = unknown; name = "Montserrat-ExtraBoldItalic.ttf"; path = "../assets/font/Montserrat-ExtraBoldItalic.ttf"; sourceTree = "<group>"; };
		247A1BD0995241E7961883B2 /* Montserrat-Thin.ttf */ = {isa = PBXFileReference; explicitFileType = undefined; fileEncoding = undefined; includeInIndex = 0; lastKnownFileType = unknown; name = "Montserrat-Thin.ttf"; path = "../assets/font/Montserrat-Thin.ttf"; sourceTree = "<group>"; };
		2A2158868F034F01A6283AB9 /* Montserrat-Bold.ttf */ = {isa = PBXFileReference; explicitFileType = undefined; fileEncoding = undefined; includeInIndex = 0; lastKnownFileType = unknown; name = "Montserrat-Bold.ttf"; path = "../assets/font/Montserrat-Bold.ttf"; sourceTree = "<group>"; };
		327E739EEDB542859C5BE356 /* Roboto-MediumItalic.ttf */ = {isa = PBXFileReference; explicitFileType = undefined; fileEncoding = undefined; includeInIndex = 0; lastKnownFileType = unknown; name = "Roboto-MediumItalic.ttf"; path = "../assets/font/Roboto-MediumItalic.ttf"; sourceTree = "<group>"; };
		400477AF0831468A892DBB9E /* Montserrat-SemiBoldItalic.ttf */ = {isa = PBXFileReference; explicitFileType = undefined; fileEncoding = undefined; includeInIndex = 0; lastKnownFileType = unknown; name = "Montserrat-SemiBoldItalic.ttf"; path = "../assets/font/Montserrat-SemiBoldItalic.ttf"; sourceTree = "<group>"; };
		40FF797EBFC04A6EBC13F247 /* Montserrat-Light.ttf */ = {isa = PBXFileReference; explicitFileType = undefined; fileEncoding = undefined; includeInIndex = 0; lastKnownFileType = unknown; name = "Montserrat-Light.ttf"; path = "../assets/font/Montserrat-Light.ttf"; sourceTree = "<group>"; };
		42B35E1C0A0F4749BC0A7BE7 /* Roboto-BlackItalic.ttf */ = {isa = PBXFileReference; explicitFileType = undefined; fileEncoding = undefined; includeInIndex = 0; lastKnownFileType = unknown; name = "Roboto-BlackItalic.ttf"; path = "../assets/font/Roboto-BlackItalic.ttf"; sourceTree = "<group>"; };
		53266B3D04DC403EAA3FB39A /* Montserrat-ExtraBold.ttf */ = {isa = PBXFileReference; explicitFileType = undefined; fileEncoding = undefined; includeInIndex = 0; lastKnownFileType = unknown; name = "Montserrat-ExtraBold.ttf"; path = "../assets/font/Montserrat-ExtraBold.ttf"; sourceTree = "<group>"; };
		61281F5518294695BDAE0240 /* Montserrat-Medium.ttf */ = {isa = PBXFileReference; explicitFileType = undefined; fileEncoding = undefined; includeInIndex = 0; lastKnownFileType = unknown; name = "Montserrat-Medium.ttf"; path = "../assets/font/Montserrat-Medium.ttf"; sourceTree = "<group>"; };
		6A22B024FAF346239A298CFC /* Roboto-Black.ttf */ = {isa = PBXFileReference; explicitFileType = undefined; fileEncoding = undefined; includeInIndex = 0; lastKnownFileType = unknown; name = "Roboto-Black.ttf"; path = "../assets/font/Roboto-Black.ttf"; sourceTree = "<group>"; };
		77024B9AA895454B9D420DAD /* Montserrat-Black.ttf */ = {isa = PBXFileReference; explicitFileType = undefined; fileEncoding = undefined; includeInIndex = 0; lastKnownFileType = unknown; name = "Montserrat-Black.ttf"; path = "../assets/font/Montserrat-Black.ttf"; sourceTree = "<group>"; };
		7A9B855357154BC19C3FFDAA /* Roboto-LightItalic.ttf */ = {isa = PBXFileReference; explicitFileType = undefined; fileEncoding = undefined; includeInIndex = 0; lastKnownFileType = unknown; name = "Roboto-LightItalic.ttf"; path = "../assets/font/Roboto-LightItalic.ttf"; sourceTree = "<group>"; };
		7C08223B6720859DA4594035 /* Pods-news_cool-news_coolTests.debug.xcconfig */ = {isa = PBXFileReference; includeInIndex = 1; lastKnownFileType = text.xcconfig; name = "Pods-news_cool-news_coolTests.debug.xcconfig"; path = "Target Support Files/Pods-news_cool-news_coolTests/Pods-news_cool-news_coolTests.debug.xcconfig"; sourceTree = "<group>"; };
		7FE5AB184C4040AC8A1A06E3 /* Roboto-Light.ttf */ = {isa = PBXFileReference; explicitFileType = undefined; fileEncoding = undefined; includeInIndex = 0; lastKnownFileType = unknown; name = "Roboto-Light.ttf"; path = "../assets/font/Roboto-Light.ttf"; sourceTree = "<group>"; };
		81AB9BB72411601600AC10FF /* LaunchScreen.storyboard */ = {isa = PBXFileReference; fileEncoding = 4; lastKnownFileType = file.storyboard; name = LaunchScreen.storyboard; path = news_cool/LaunchScreen.storyboard; sourceTree = "<group>"; };
		81B2DB612A66B5A700ECD67F /* Fontisto.ttf */ = {isa = PBXFileReference; lastKnownFileType = file; path = Fontisto.ttf; sourceTree = "<group>"; };
		81B2DB622A66B5A700ECD67F /* Octicons.ttf */ = {isa = PBXFileReference; lastKnownFileType = file; path = Octicons.ttf; sourceTree = "<group>"; };
		81B2DB632A66B5A700ECD67F /* Feather.ttf */ = {isa = PBXFileReference; lastKnownFileType = file; path = Feather.ttf; sourceTree = "<group>"; };
		81B2DB642A66B5A700ECD67F /* FontAwesome6_Regular.ttf */ = {isa = PBXFileReference; lastKnownFileType = file; path = FontAwesome6_Regular.ttf; sourceTree = "<group>"; };
		81B2DB652A66B5A700ECD67F /* Entypo.ttf */ = {isa = PBXFileReference; lastKnownFileType = file; path = Entypo.ttf; sourceTree = "<group>"; };
		81B2DB662A66B5A700ECD67F /* FontAwesome5_Brands.ttf */ = {isa = PBXFileReference; lastKnownFileType = file; path = FontAwesome5_Brands.ttf; sourceTree = "<group>"; };
		81B2DB672A66B5A700ECD67F /* MaterialCommunityIcons.ttf */ = {isa = PBXFileReference; lastKnownFileType = file; path = MaterialCommunityIcons.ttf; sourceTree = "<group>"; };
		81B2DB682A66B5A700ECD67F /* AntDesign.ttf */ = {isa = PBXFileReference; lastKnownFileType = file; path = AntDesign.ttf; sourceTree = "<group>"; };
		81B2DB692A66B5A700ECD67F /* Foundation.ttf */ = {isa = PBXFileReference; lastKnownFileType = file; path = Foundation.ttf; sourceTree = "<group>"; };
		81B2DB6A2A66B5A700ECD67F /* Ionicons.ttf */ = {isa = PBXFileReference; lastKnownFileType = file; path = Ionicons.ttf; sourceTree = "<group>"; };
		81B2DB6B2A66B5A700ECD67F /* FontAwesome5_Solid.ttf */ = {isa = PBXFileReference; lastKnownFileType = file; path = FontAwesome5_Solid.ttf; sourceTree = "<group>"; };
		81B2DB6C2A66B5A700ECD67F /* FontAwesome5_Regular.ttf */ = {isa = PBXFileReference; lastKnownFileType = file; path = FontAwesome5_Regular.ttf; sourceTree = "<group>"; };
		81B2DB6D2A66B5A700ECD67F /* FontAwesome.ttf */ = {isa = PBXFileReference; lastKnownFileType = file; path = FontAwesome.ttf; sourceTree = "<group>"; };
		81B2DB6E2A66B5A700ECD67F /* Zocial.ttf */ = {isa = PBXFileReference; lastKnownFileType = file; path = Zocial.ttf; sourceTree = "<group>"; };
		81B2DB6F2A66B5A700ECD67F /* EvilIcons.ttf */ = {isa = PBXFileReference; lastKnownFileType = file; path = EvilIcons.ttf; sourceTree = "<group>"; };
		81B2DB702A66B5A700ECD67F /* FontAwesome6_Solid.ttf */ = {isa = PBXFileReference; lastKnownFileType = file; path = FontAwesome6_Solid.ttf; sourceTree = "<group>"; };
		81B2DB712A66B5A700ECD67F /* SimpleLineIcons.ttf */ = {isa = PBXFileReference; lastKnownFileType = file; path = SimpleLineIcons.ttf; sourceTree = "<group>"; };
		81B2DB722A66B5A700ECD67F /* FontAwesome6_Brands.ttf */ = {isa = PBXFileReference; lastKnownFileType = file; path = FontAwesome6_Brands.ttf; sourceTree = "<group>"; };
		81B2DB732A66B5A700ECD67F /* MaterialIcons.ttf */ = {isa = PBXFileReference; lastKnownFileType = file; path = MaterialIcons.ttf; sourceTree = "<group>"; };
		84BC620AB2924D0BB3BD5B70 /* Roboto-ThinItalic.ttf */ = {isa = PBXFileReference; explicitFileType = undefined; fileEncoding = undefined; includeInIndex = 0; lastKnownFileType = unknown; name = "Roboto-ThinItalic.ttf"; path = "../assets/font/Roboto-ThinItalic.ttf"; sourceTree = "<group>"; };
		87C293741CF779E45F48D8ED /* Pods-news_cool-news_coolTests.release.xcconfig */ = {isa = PBXFileReference; includeInIndex = 1; lastKnownFileType = text.xcconfig; name = "Pods-news_cool-news_coolTests.release.xcconfig"; path = "Target Support Files/Pods-news_cool-news_coolTests/Pods-news_cool-news_coolTests.release.xcconfig"; sourceTree = "<group>"; };
		8866DA7386E84A85A1BB6ED2 /* Roboto-Regular.ttf */ = {isa = PBXFileReference; explicitFileType = undefined; fileEncoding = undefined; includeInIndex = 0; lastKnownFileType = unknown; name = "Roboto-Regular.ttf"; path = "../assets/font/Roboto-Regular.ttf"; sourceTree = "<group>"; };
		99CF43F177F94618BCE88F8F /* Montserrat-SemiBold.ttf */ = {isa = PBXFileReference; explicitFileType = undefined; fileEncoding = undefined; includeInIndex = 0; lastKnownFileType = unknown; name = "Montserrat-SemiBold.ttf"; path = "../assets/font/Montserrat-SemiBold.ttf"; sourceTree = "<group>"; };
		A21730A816AD45C0804787E1 /* Montserrat-Regular.ttf */ = {isa = PBXFileReference; explicitFileType = undefined; fileEncoding = undefined; includeInIndex = 0; lastKnownFileType = unknown; name = "Montserrat-Regular.ttf"; path = "../assets/font/Montserrat-Regular.ttf"; sourceTree = "<group>"; };
		AA1D8B3063E74A5E88AED5B5 /* Montserrat-ExtraLightItalic.ttf */ = {isa = PBXFileReference; explicitFileType = undefined; fileEncoding = undefined; includeInIndex = 0; lastKnownFileType = unknown; name = "Montserrat-ExtraLightItalic.ttf"; path = "../assets/font/Montserrat-ExtraLightItalic.ttf"; sourceTree = "<group>"; };
		B699E95983D8404AB880AC15 /* Roboto-Thin.ttf */ = {isa = PBXFileReference; explicitFileType = undefined; fileEncoding = undefined; includeInIndex = 0; lastKnownFileType = unknown; name = "Roboto-Thin.ttf"; path = "../assets/font/Roboto-Thin.ttf"; sourceTree = "<group>"; };
		BFCA0E3CB25E40BE8CF0178C /* Montserrat-ThinItalic.ttf */ = {isa = PBXFileReference; explicitFileType = undefined; fileEncoding = undefined; includeInIndex = 0; lastKnownFileType = unknown; name = "Montserrat-ThinItalic.ttf"; path = "../assets/font/Montserrat-ThinItalic.ttf"; sourceTree = "<group>"; };
		CBC276775CD6465B9D100012 /* Montserrat-Italic.ttf */ = {isa = PBXFileReference; explicitFileType = undefined; fileEncoding = undefined; includeInIndex = 0; lastKnownFileType = unknown; name = "Montserrat-Italic.ttf"; path = "../assets/font/Montserrat-Italic.ttf"; sourceTree = "<group>"; };
		CC5B6017E7A94E76911925DF /* Montserrat-LightItalic.ttf */ = {isa = PBXFileReference; explicitFileType = undefined; fileEncoding = undefined; includeInIndex = 0; lastKnownFileType = unknown; name = "Montserrat-LightItalic.ttf"; path = "../assets/font/Montserrat-LightItalic.ttf"; sourceTree = "<group>"; };
		D14540A851662D9BAFCE057B /* Pods-news_cool.debug.xcconfig */ = {isa = PBXFileReference; includeInIndex = 1; lastKnownFileType = text.xcconfig; name = "Pods-news_cool.debug.xcconfig"; path = "Target Support Files/Pods-news_cool/Pods-news_cool.debug.xcconfig"; sourceTree = "<group>"; };
		DC7F9A9EAC342C700F1BEED5 /* Pods-news_cool.release.xcconfig */ = {isa = PBXFileReference; includeInIndex = 1; lastKnownFileType = text.xcconfig; name = "Pods-news_cool.release.xcconfig"; path = "Target Support Files/Pods-news_cool/Pods-news_cool.release.xcconfig"; sourceTree = "<group>"; };
		EAD2256B7BFD4E7B9FD885B0 /* Montserrat-BoldItalic.ttf */ = {isa = PBXFileReference; explicitFileType = undefined; fileEncoding = undefined; includeInIndex = 0; lastKnownFileType = unknown; name = "Montserrat-BoldItalic.ttf"; path = "../assets/font/Montserrat-BoldItalic.ttf"; sourceTree = "<group>"; };
		ED297162215061F000B7C4FE /* JavaScriptCore.framework */ = {isa = PBXFileReference; lastKnownFileType = wrapper.framework; name = JavaScriptCore.framework; path = System/Library/Frameworks/JavaScriptCore.framework; sourceTree = SDKROOT; };
		F790CB51706F4710B54B53A1 /* Montserrat-BlackItalic.ttf */ = {isa = PBXFileReference; explicitFileType = undefined; fileEncoding = undefined; includeInIndex = 0; lastKnownFileType = unknown; name = "Montserrat-BlackItalic.ttf"; path = "../assets/font/Montserrat-BlackItalic.ttf"; sourceTree = "<group>"; };
		F7AC9EBC7475CFBA108CFE99 /* libPods-news_cool.a */ = {isa = PBXFileReference; explicitFileType = archive.ar; includeInIndex = 0; path = "libPods-news_cool.a"; sourceTree = BUILT_PRODUCTS_DIR; };
/* End PBXFileReference section */

/* Begin PBXFrameworksBuildPhase section */
		00E356EB1AD99517003FC87E /* Frameworks */ = {
			isa = PBXFrameworksBuildPhase;
			buildActionMask = 2147483647;
			files = (
				6F5ABD29596F21777F99CB5E /* libPods-news_cool-news_coolTests.a in Frameworks */,
			);
			runOnlyForDeploymentPostprocessing = 0;
		};
		13B07F8C1A680F5B00A75B9A /* Frameworks */ = {
			isa = PBXFrameworksBuildPhase;
			buildActionMask = 2147483647;
			files = (
				5ACCBADD785079C21590967D /* libPods-news_cool.a in Frameworks */,
			);
			runOnlyForDeploymentPostprocessing = 0;
		};
/* End PBXFrameworksBuildPhase section */

/* Begin PBXGroup section */
		00E356EF1AD99517003FC87E /* news_coolTests */ = {
			isa = PBXGroup;
			children = (
				00E356F21AD99517003FC87E /* news_coolTests.m */,
				00E356F01AD99517003FC87E /* Supporting Files */,
			);
			path = news_coolTests;
			sourceTree = "<group>";
		};
		00E356F01AD99517003FC87E /* Supporting Files */ = {
			isa = PBXGroup;
			children = (
				00E356F11AD99517003FC87E /* Info.plist */,
			);
			name = "Supporting Files";
			sourceTree = "<group>";
		};
		13B07FAE1A68108700A75B9A /* news_cool */ = {
			isa = PBXGroup;
			children = (
				81B2DB602A66B5A700ECD67F /* Fonts */,
				13B07FAF1A68108700A75B9A /* AppDelegate.h */,
				13B07FB01A68108700A75B9A /* AppDelegate.mm */,
				13B07FB51A68108700A75B9A /* Images.xcassets */,
				13B07FB61A68108700A75B9A /* Info.plist */,
				81AB9BB72411601600AC10FF /* LaunchScreen.storyboard */,
				13B07FB71A68108700A75B9A /* main.m */,
			);
			name = news_cool;
			sourceTree = "<group>";
		};
		2D16E6871FA4F8E400B85C8A /* Frameworks */ = {
			isa = PBXGroup;
			children = (
				ED297162215061F000B7C4FE /* JavaScriptCore.framework */,
				F7AC9EBC7475CFBA108CFE99 /* libPods-news_cool.a */,
				08D7CBDFFAD195240FBCABAF /* libPods-news_cool-news_coolTests.a */,
			);
			name = Frameworks;
			sourceTree = "<group>";
		};
		30A7ED21B17E4E96862F4A2A /* Resources */ = {
			isa = PBXGroup;
			children = (
				77024B9AA895454B9D420DAD /* Montserrat-Black.ttf */,
				F790CB51706F4710B54B53A1 /* Montserrat-BlackItalic.ttf */,
				2A2158868F034F01A6283AB9 /* Montserrat-Bold.ttf */,
				EAD2256B7BFD4E7B9FD885B0 /* Montserrat-BoldItalic.ttf */,
				53266B3D04DC403EAA3FB39A /* Montserrat-ExtraBold.ttf */,
				22A70F6836A843FA94F88120 /* Montserrat-ExtraBoldItalic.ttf */,
				0797AFB64B2546EF968B5A61 /* Montserrat-ExtraLight.ttf */,
				AA1D8B3063E74A5E88AED5B5 /* Montserrat-ExtraLightItalic.ttf */,
				CBC276775CD6465B9D100012 /* Montserrat-Italic.ttf */,
				40FF797EBFC04A6EBC13F247 /* Montserrat-Light.ttf */,
				CC5B6017E7A94E76911925DF /* Montserrat-LightItalic.ttf */,
				61281F5518294695BDAE0240 /* Montserrat-Medium.ttf */,
				0975C3E0502949DAB1CE20AC /* Montserrat-MediumItalic.ttf */,
				A21730A816AD45C0804787E1 /* Montserrat-Regular.ttf */,
				99CF43F177F94618BCE88F8F /* Montserrat-SemiBold.ttf */,
				400477AF0831468A892DBB9E /* Montserrat-SemiBoldItalic.ttf */,
				247A1BD0995241E7961883B2 /* Montserrat-Thin.ttf */,
				BFCA0E3CB25E40BE8CF0178C /* Montserrat-ThinItalic.ttf */,
				6A22B024FAF346239A298CFC /* Roboto-Black.ttf */,
				42B35E1C0A0F4749BC0A7BE7 /* Roboto-BlackItalic.ttf */,
				033813B078384ABF89C4962C /* Roboto-Bold.ttf */,
				00335761E20D4E3294E64E3D /* Roboto-BoldItalic.ttf */,
				005FD9699E6748CDA17DC21D /* Roboto-Italic.ttf */,
				7FE5AB184C4040AC8A1A06E3 /* Roboto-Light.ttf */,
				7A9B855357154BC19C3FFDAA /* Roboto-LightItalic.ttf */,
				1C795FBA4B74465081CC0B25 /* Roboto-Medium.ttf */,
				327E739EEDB542859C5BE356 /* Roboto-MediumItalic.ttf */,
				8866DA7386E84A85A1BB6ED2 /* Roboto-Regular.ttf */,
				B699E95983D8404AB880AC15 /* Roboto-Thin.ttf */,
				84BC620AB2924D0BB3BD5B70 /* Roboto-ThinItalic.ttf */,
			);
			name = Resources;
			sourceTree = "<group>";
		};
		81B2DB602A66B5A700ECD67F /* Fonts */ = {
			isa = PBXGroup;
			children = (
				81B2DB612A66B5A700ECD67F /* Fontisto.ttf */,
				81B2DB622A66B5A700ECD67F /* Octicons.ttf */,
				81B2DB632A66B5A700ECD67F /* Feather.ttf */,
				81B2DB642A66B5A700ECD67F /* FontAwesome6_Regular.ttf */,
				81B2DB652A66B5A700ECD67F /* Entypo.ttf */,
				81B2DB662A66B5A700ECD67F /* FontAwesome5_Brands.ttf */,
				81B2DB672A66B5A700ECD67F /* MaterialCommunityIcons.ttf */,
				81B2DB682A66B5A700ECD67F /* AntDesign.ttf */,
				81B2DB692A66B5A700ECD67F /* Foundation.ttf */,
				81B2DB6A2A66B5A700ECD67F /* Ionicons.ttf */,
				81B2DB6B2A66B5A700ECD67F /* FontAwesome5_Solid.ttf */,
				81B2DB6C2A66B5A700ECD67F /* FontAwesome5_Regular.ttf */,
				81B2DB6D2A66B5A700ECD67F /* FontAwesome.ttf */,
				81B2DB6E2A66B5A700ECD67F /* Zocial.ttf */,
				81B2DB6F2A66B5A700ECD67F /* EvilIcons.ttf */,
				81B2DB702A66B5A700ECD67F /* FontAwesome6_Solid.ttf */,
				81B2DB712A66B5A700ECD67F /* SimpleLineIcons.ttf */,
				81B2DB722A66B5A700ECD67F /* FontAwesome6_Brands.ttf */,
				81B2DB732A66B5A700ECD67F /* MaterialIcons.ttf */,
			);
			name = Fonts;
			path = "../node_modules/react-native-vector-icons/Fonts";
			sourceTree = "<group>";
		};
		832341AE1AAA6A7D00B99B32 /* Libraries */ = {
			isa = PBXGroup;
			children = (
			);
			name = Libraries;
			sourceTree = "<group>";
		};
		83CBB9F61A601CBA00E9B192 = {
			isa = PBXGroup;
			children = (
				13B07FAE1A68108700A75B9A /* news_cool */,
				832341AE1AAA6A7D00B99B32 /* Libraries */,
				00E356EF1AD99517003FC87E /* news_coolTests */,
				83CBBA001A601CBA00E9B192 /* Products */,
				2D16E6871FA4F8E400B85C8A /* Frameworks */,
				BBD78D7AC51CEA395F1C20DB /* Pods */,
				30A7ED21B17E4E96862F4A2A /* Resources */,
			);
			indentWidth = 2;
			sourceTree = "<group>";
			tabWidth = 2;
			usesTabs = 0;
		};
		83CBBA001A601CBA00E9B192 /* Products */ = {
			isa = PBXGroup;
			children = (
				13B07F961A680F5B00A75B9A /* news_cool.app */,
				00E356EE1AD99517003FC87E /* news_coolTests.xctest */,
			);
			name = Products;
			sourceTree = "<group>";
		};
		BBD78D7AC51CEA395F1C20DB /* Pods */ = {
			isa = PBXGroup;
			children = (
				D14540A851662D9BAFCE057B /* Pods-news_cool.debug.xcconfig */,
				DC7F9A9EAC342C700F1BEED5 /* Pods-news_cool.release.xcconfig */,
				7C08223B6720859DA4594035 /* Pods-news_cool-news_coolTests.debug.xcconfig */,
				87C293741CF779E45F48D8ED /* Pods-news_cool-news_coolTests.release.xcconfig */,
			);
			path = Pods;
			sourceTree = "<group>";
		};
/* End PBXGroup section */

/* Begin PBXNativeTarget section */
		00E356ED1AD99517003FC87E /* news_coolTests */ = {
			isa = PBXNativeTarget;
			buildConfigurationList = 00E357021AD99517003FC87E /* Build configuration list for PBXNativeTarget "news_coolTests" */;
			buildPhases = (
				E642933CE27F286E444A2915 /* [CP] Check Pods Manifest.lock */,
				00E356EA1AD99517003FC87E /* Sources */,
				00E356EB1AD99517003FC87E /* Frameworks */,
				00E356EC1AD99517003FC87E /* Resources */,
				3C64526C607A9D395A94290A /* [CP] Embed Pods Frameworks */,
				667FD0971418A84243C8C0D3 /* [CP] Copy Pods Resources */,
			);
			buildRules = (
			);
			dependencies = (
				00E356F51AD99517003FC87E /* PBXTargetDependency */,
			);
			name = news_coolTests;
			productName = news_coolTests;
			productReference = 00E356EE1AD99517003FC87E /* news_coolTests.xctest */;
			productType = "com.apple.product-type.bundle.unit-test";
		};
		13B07F861A680F5B00A75B9A /* news_cool */ = {
			isa = PBXNativeTarget;
			buildConfigurationList = 13B07F931A680F5B00A75B9A /* Build configuration list for PBXNativeTarget "news_cool" */;
			buildPhases = (
				AD3EA5974E207CA78B902625 /* [CP] Check Pods Manifest.lock */,
				FD10A7F022414F080027D42C /* Start Packager */,
				13B07F871A680F5B00A75B9A /* Sources */,
				13B07F8C1A680F5B00A75B9A /* Frameworks */,
				13B07F8E1A680F5B00A75B9A /* Resources */,
				00DD1BFF1BD5951E006B06BC /* Bundle React Native code and images */,
				631A99B9947E7C59E9B9E69D /* [CP] Embed Pods Frameworks */,
				F709D79D62589A98E6361EE5 /* [CP] Copy Pods Resources */,
			);
			buildRules = (
			);
			dependencies = (
			);
			name = news_cool;
			productName = news_cool;
			productReference = 13B07F961A680F5B00A75B9A /* news_cool.app */;
			productType = "com.apple.product-type.application";
		};
/* End PBXNativeTarget section */

/* Begin PBXProject section */
		83CBB9F71A601CBA00E9B192 /* Project object */ = {
			isa = PBXProject;
			attributes = {
				LastUpgradeCheck = 1210;
				TargetAttributes = {
					00E356ED1AD99517003FC87E = {
						CreatedOnToolsVersion = 6.2;
						TestTargetID = 13B07F861A680F5B00A75B9A;
					};
					13B07F861A680F5B00A75B9A = {
						LastSwiftMigration = 1120;
					};
				};
			};
			buildConfigurationList = 83CBB9FA1A601CBA00E9B192 /* Build configuration list for PBXProject "news_cool" */;
			compatibilityVersion = "Xcode 12.0";
			developmentRegion = en;
			hasScannedForEncodings = 0;
			knownRegions = (
				en,
				Base,
			);
			mainGroup = 83CBB9F61A601CBA00E9B192;
			productRefGroup = 83CBBA001A601CBA00E9B192 /* Products */;
			projectDirPath = "";
			projectRoot = "";
			targets = (
				13B07F861A680F5B00A75B9A /* news_cool */,
				00E356ED1AD99517003FC87E /* news_coolTests */,
			);
		};
/* End PBXProject section */

/* Begin PBXResourcesBuildPhase section */
		00E356EC1AD99517003FC87E /* Resources */ = {
			isa = PBXResourcesBuildPhase;
			buildActionMask = 2147483647;
			files = (
			);
			runOnlyForDeploymentPostprocessing = 0;
		};
		13B07F8E1A680F5B00A75B9A /* Resources */ = {
			isa = PBXResourcesBuildPhase;
			buildActionMask = 2147483647;
			files = (
				81AB9BB82411601600AC10FF /* LaunchScreen.storyboard in Resources */,
				13B07FBF1A68108700A75B9A /* Images.xcassets in Resources */,
				DB847B011E6945908E10BF56 /* Montserrat-Black.ttf in Resources */,
				D7B61EC8BF1B41F4858EA7D9 /* Montserrat-BlackItalic.ttf in Resources */,
				274C71CCCE074A8E88605147 /* Montserrat-Bold.ttf in Resources */,
				7383161CBD554D18A1557E15 /* Montserrat-BoldItalic.ttf in Resources */,
				B2D7FC25B7284752908A2EF9 /* Montserrat-ExtraBold.ttf in Resources */,
				F7C8DBDB6B2A462FA2A3582E /* Montserrat-ExtraBoldItalic.ttf in Resources */,
				B0105625E11247B5BEE46D1C /* Montserrat-ExtraLight.ttf in Resources */,
				129CA63F160547A793D34D9D /* Montserrat-ExtraLightItalic.ttf in Resources */,
				635A19A14F654B34BE203892 /* Montserrat-Italic.ttf in Resources */,
				A603AA6210AE415B9CA8CCD1 /* Montserrat-Light.ttf in Resources */,
				48A0CB65E35F4CEF9F1A77B0 /* Montserrat-LightItalic.ttf in Resources */,
				2B6D5182F4694A25B7B2DB41 /* Montserrat-Medium.ttf in Resources */,
				F11ACBC847344F15AFC830F1 /* Montserrat-MediumItalic.ttf in Resources */,
				E2172E7C0AEC480482A741DD /* Montserrat-Regular.ttf in Resources */,
				9E9EC16662864FB0908ED899 /* Montserrat-SemiBold.ttf in Resources */,
				4322B94E62134B1BAE6A0840 /* Montserrat-SemiBoldItalic.ttf in Resources */,
				AF5B4C31020C4C3184166DB8 /* Montserrat-Thin.ttf in Resources */,
				FDFA21CB0BB04214B9470EFB /* Montserrat-ThinItalic.ttf in Resources */,
				9521F9EE710344338BD9EC0B /* Roboto-Black.ttf in Resources */,
				2D0D9EF08B5D4E7C879AD871 /* Roboto-BlackItalic.ttf in Resources */,
				B95F167B318744D29B9BCC58 /* Roboto-Bold.ttf in Resources */,
				0C6621C3DB504741B476C4FB /* Roboto-BoldItalic.ttf in Resources */,
				B7616B9CD6454FA0BD1EC5C0 /* Roboto-Italic.ttf in Resources */,
				57CD2547D66D428E82BCE8C1 /* Roboto-Light.ttf in Resources */,
				3A9D15024E2F4DEEA745FD58 /* Roboto-LightItalic.ttf in Resources */,
				CFDB738421444203AE713EE7 /* Roboto-Medium.ttf in Resources */,
				416967DCD7AF4A12B52A28B4 /* Roboto-MediumItalic.ttf in Resources */,
				FFDAD99F9F994D33ADC49368 /* Roboto-Regular.ttf in Resources */,
				03CE57BC7FA442A587127A42 /* Roboto-Thin.ttf in Resources */,
				1587112825A14356996B6287 /* Roboto-ThinItalic.ttf in Resources */,
			);
			runOnlyForDeploymentPostprocessing = 0;
		};
/* End PBXResourcesBuildPhase section */

/* Begin PBXShellScriptBuildPhase section */
		00DD1BFF1BD5951E006B06BC /* Bundle React Native code and images */ = {
			isa = PBXShellScriptBuildPhase;
			buildActionMask = 2147483647;
			files = (
			);
			inputPaths = (
				"$(SRCROOT)/.xcode.env.local",
				"$(SRCROOT)/.xcode.env",
			);
			name = "Bundle React Native code and images";
			outputPaths = (
			);
			runOnlyForDeploymentPostprocessing = 0;
			shellPath = /bin/sh;
			shellScript = "set -e\n\nWITH_ENVIRONMENT=\"../node_modules/react-native/scripts/xcode/with-environment.sh\"\nREACT_NATIVE_XCODE=\"../node_modules/react-native/scripts/react-native-xcode.sh\"\n\n/bin/sh -c \"$WITH_ENVIRONMENT $REACT_NATIVE_XCODE\"\n";
		};
		3C64526C607A9D395A94290A /* [CP] Embed Pods Frameworks */ = {
			isa = PBXShellScriptBuildPhase;
			buildActionMask = 2147483647;
			files = (
			);
			inputFileListPaths = (
				"${PODS_ROOT}/Target Support Files/Pods-news_cool-news_coolTests/Pods-news_cool-news_coolTests-frameworks-${CONFIGURATION}-input-files.xcfilelist",
			);
			name = "[CP] Embed Pods Frameworks";
			outputFileListPaths = (
				"${PODS_ROOT}/Target Support Files/Pods-news_cool-news_coolTests/Pods-news_cool-news_coolTests-frameworks-${CONFIGURATION}-output-files.xcfilelist",
			);
			runOnlyForDeploymentPostprocessing = 0;
			shellPath = /bin/sh;
			shellScript = "\"${PODS_ROOT}/Target Support Files/Pods-news_cool-news_coolTests/Pods-news_cool-news_coolTests-frameworks.sh\"\n";
			showEnvVarsInLog = 0;
		};
		631A99B9947E7C59E9B9E69D /* [CP] Embed Pods Frameworks */ = {
			isa = PBXShellScriptBuildPhase;
			buildActionMask = 2147483647;
			files = (
			);
			inputFileListPaths = (
				"${PODS_ROOT}/Target Support Files/Pods-news_cool/Pods-news_cool-frameworks-${CONFIGURATION}-input-files.xcfilelist",
			);
			name = "[CP] Embed Pods Frameworks";
			outputFileListPaths = (
				"${PODS_ROOT}/Target Support Files/Pods-news_cool/Pods-news_cool-frameworks-${CONFIGURATION}-output-files.xcfilelist",
			);
			runOnlyForDeploymentPostprocessing = 0;
			shellPath = /bin/sh;
			shellScript = "\"${PODS_ROOT}/Target Support Files/Pods-news_cool/Pods-news_cool-frameworks.sh\"\n";
			showEnvVarsInLog = 0;
		};
		667FD0971418A84243C8C0D3 /* [CP] Copy Pods Resources */ = {
			isa = PBXShellScriptBuildPhase;
			buildActionMask = 2147483647;
			files = (
			);
			inputFileListPaths = (
				"${PODS_ROOT}/Target Support Files/Pods-news_cool-news_coolTests/Pods-news_cool-news_coolTests-resources-${CONFIGURATION}-input-files.xcfilelist",
			);
			name = "[CP] Copy Pods Resources";
			outputFileListPaths = (
				"${PODS_ROOT}/Target Support Files/Pods-news_cool-news_coolTests/Pods-news_cool-news_coolTests-resources-${CONFIGURATION}-output-files.xcfilelist",
			);
			runOnlyForDeploymentPostprocessing = 0;
			shellPath = /bin/sh;
			shellScript = "\"${PODS_ROOT}/Target Support Files/Pods-news_cool-news_coolTests/Pods-news_cool-news_coolTests-resources.sh\"\n";
			showEnvVarsInLog = 0;
		};
		AD3EA5974E207CA78B902625 /* [CP] Check Pods Manifest.lock */ = {
			isa = PBXShellScriptBuildPhase;
			buildActionMask = 2147483647;
			files = (
			);
			inputFileListPaths = (
			);
			inputPaths = (
				"${PODS_PODFILE_DIR_PATH}/Podfile.lock",
				"${PODS_ROOT}/Manifest.lock",
			);
			name = "[CP] Check Pods Manifest.lock";
			outputFileListPaths = (
			);
			outputPaths = (
				"$(DERIVED_FILE_DIR)/Pods-news_cool-checkManifestLockResult.txt",
			);
			runOnlyForDeploymentPostprocessing = 0;
			shellPath = /bin/sh;
			shellScript = "diff \"${PODS_PODFILE_DIR_PATH}/Podfile.lock\" \"${PODS_ROOT}/Manifest.lock\" > /dev/null\nif [ $? != 0 ] ; then\n    # print error to STDERR\n    echo \"error: The sandbox is not in sync with the Podfile.lock. Run 'pod install' or update your CocoaPods installation.\" >&2\n    exit 1\nfi\n# This output is used by Xcode 'outputs' to avoid re-running this script phase.\necho \"SUCCESS\" > \"${SCRIPT_OUTPUT_FILE_0}\"\n";
			showEnvVarsInLog = 0;
		};
		E642933CE27F286E444A2915 /* [CP] Check Pods Manifest.lock */ = {
			isa = PBXShellScriptBuildPhase;
			buildActionMask = 2147483647;
			files = (
			);
			inputFileListPaths = (
			);
			inputPaths = (
				"${PODS_PODFILE_DIR_PATH}/Podfile.lock",
				"${PODS_ROOT}/Manifest.lock",
			);
			name = "[CP] Check Pods Manifest.lock";
			outputFileListPaths = (
			);
			outputPaths = (
				"$(DERIVED_FILE_DIR)/Pods-news_cool-news_coolTests-checkManifestLockResult.txt",
			);
			runOnlyForDeploymentPostprocessing = 0;
			shellPath = /bin/sh;
			shellScript = "diff \"${PODS_PODFILE_DIR_PATH}/Podfile.lock\" \"${PODS_ROOT}/Manifest.lock\" > /dev/null\nif [ $? != 0 ] ; then\n    # print error to STDERR\n    echo \"error: The sandbox is not in sync with the Podfile.lock. Run 'pod install' or update your CocoaPods installation.\" >&2\n    exit 1\nfi\n# This output is used by Xcode 'outputs' to avoid re-running this script phase.\necho \"SUCCESS\" > \"${SCRIPT_OUTPUT_FILE_0}\"\n";
			showEnvVarsInLog = 0;
		};
		F709D79D62589A98E6361EE5 /* [CP] Copy Pods Resources */ = {
			isa = PBXShellScriptBuildPhase;
			buildActionMask = 2147483647;
			files = (
			);
			inputFileListPaths = (
				"${PODS_ROOT}/Target Support Files/Pods-news_cool/Pods-news_cool-resources-${CONFIGURATION}-input-files.xcfilelist",
			);
			name = "[CP] Copy Pods Resources";
			outputFileListPaths = (
				"${PODS_ROOT}/Target Support Files/Pods-news_cool/Pods-news_cool-resources-${CONFIGURATION}-output-files.xcfilelist",
			);
			runOnlyForDeploymentPostprocessing = 0;
			shellPath = /bin/sh;
			shellScript = "\"${PODS_ROOT}/Target Support Files/Pods-news_cool/Pods-news_cool-resources.sh\"\n";
			showEnvVarsInLog = 0;
		};
		FD10A7F022414F080027D42C /* Start Packager */ = {
			isa = PBXShellScriptBuildPhase;
			buildActionMask = 2147483647;
			files = (
			);
			inputFileListPaths = (
			);
			inputPaths = (
			);
			name = "Start Packager";
			outputFileListPaths = (
			);
			outputPaths = (
			);
			runOnlyForDeploymentPostprocessing = 0;
			shellPath = /bin/sh;
			shellScript = "export RCT_METRO_PORT=\"${RCT_METRO_PORT:=8081}\"\necho \"export RCT_METRO_PORT=${RCT_METRO_PORT}\" > \"${SRCROOT}/../node_modules/react-native/scripts/.packager.env\"\nif [ -z \"${RCT_NO_LAUNCH_PACKAGER+xxx}\" ] ; then\n  if nc -w 5 -z localhost ${RCT_METRO_PORT} ; then\n    if ! curl -s \"http://localhost:${RCT_METRO_PORT}/status\" | grep -q \"packager-status:running\" ; then\n      echo \"Port ${RCT_METRO_PORT} already in use, packager is either not running or not running correctly\"\n      exit 2\n    fi\n  else\n    open \"$SRCROOT/../node_modules/react-native/scripts/launchPackager.command\" || echo \"Can't start packager automatically\"\n  fi\nfi\n";
			showEnvVarsInLog = 0;
		};
/* End PBXShellScriptBuildPhase section */

/* Begin PBXSourcesBuildPhase section */
		00E356EA1AD99517003FC87E /* Sources */ = {
			isa = PBXSourcesBuildPhase;
			buildActionMask = 2147483647;
			files = (
				00E356F31AD99517003FC87E /* news_coolTests.m in Sources */,
			);
			runOnlyForDeploymentPostprocessing = 0;
		};
		13B07F871A680F5B00A75B9A /* Sources */ = {
			isa = PBXSourcesBuildPhase;
			buildActionMask = 2147483647;
			files = (
				13B07FBC1A68108700A75B9A /* AppDelegate.mm in Sources */,
				13B07FC11A68108700A75B9A /* main.m in Sources */,
			);
			runOnlyForDeploymentPostprocessing = 0;
		};
/* End PBXSourcesBuildPhase section */

/* Begin PBXTargetDependency section */
		00E356F51AD99517003FC87E /* PBXTargetDependency */ = {
			isa = PBXTargetDependency;
			target = 13B07F861A680F5B00A75B9A /* news_cool */;
			targetProxy = 00E356F41AD99517003FC87E /* PBXContainerItemProxy */;
		};
/* End PBXTargetDependency section */

/* Begin XCBuildConfiguration section */
		00E356F61AD99517003FC87E /* Debug */ = {
			isa = XCBuildConfiguration;
			baseConfigurationReference = 7C08223B6720859DA4594035 /* Pods-news_cool-news_coolTests.debug.xcconfig */;
			buildSettings = {
				BUNDLE_LOADER = "$(TEST_HOST)";
				GCC_PREPROCESSOR_DEFINITIONS = (
					"DEBUG=1",
					"$(inherited)",
				);
				INFOPLIST_FILE = news_coolTests/Info.plist;
				IPHONEOS_DEPLOYMENT_TARGET = 12.4;
				LD_RUNPATH_SEARCH_PATHS = (
					"$(inherited)",
					"@executable_path/Frameworks",
					"@loader_path/Frameworks",
				);
				OTHER_LDFLAGS = (
					"-ObjC",
					"-lc++",
					"$(inherited)",
				);
				PRODUCT_BUNDLE_IDENTIFIER = "org.reactjs.native.example.$(PRODUCT_NAME:rfc1034identifier)";
				PRODUCT_NAME = "$(TARGET_NAME)";
				TEST_HOST = "$(BUILT_PRODUCTS_DIR)/news_cool.app/news_cool";
			};
			name = Debug;
		};
		00E356F71AD99517003FC87E /* Release */ = {
			isa = XCBuildConfiguration;
			baseConfigurationReference = 87C293741CF779E45F48D8ED /* Pods-news_cool-news_coolTests.release.xcconfig */;
			buildSettings = {
				BUNDLE_LOADER = "$(TEST_HOST)";
				COPY_PHASE_STRIP = NO;
				INFOPLIST_FILE = news_coolTests/Info.plist;
				IPHONEOS_DEPLOYMENT_TARGET = 12.4;
				LD_RUNPATH_SEARCH_PATHS = (
					"$(inherited)",
					"@executable_path/Frameworks",
					"@loader_path/Frameworks",
				);
				OTHER_LDFLAGS = (
					"-ObjC",
					"-lc++",
					"$(inherited)",
				);
				PRODUCT_BUNDLE_IDENTIFIER = "org.reactjs.native.example.$(PRODUCT_NAME:rfc1034identifier)";
				PRODUCT_NAME = "$(TARGET_NAME)";
				TEST_HOST = "$(BUILT_PRODUCTS_DIR)/news_cool.app/news_cool";
			};
			name = Release;
		};
		13B07F941A680F5B00A75B9A /* Debug */ = {
			isa = XCBuildConfiguration;
			baseConfigurationReference = D14540A851662D9BAFCE057B /* Pods-news_cool.debug.xcconfig */;
			buildSettings = {
				ASSETCATALOG_COMPILER_APPICON_NAME = AppIcon;
				CLANG_ENABLE_MODULES = YES;
				CURRENT_PROJECT_VERSION = 1;
				ENABLE_BITCODE = NO;
				INFOPLIST_FILE = news_cool/Info.plist;
				LD_RUNPATH_SEARCH_PATHS = (
					"$(inherited)",
					"@executable_path/Frameworks",
				);
				MARKETING_VERSION = 1.0;
				OTHER_LDFLAGS = (
					"$(inherited)",
					"-ObjC",
					"-lc++",
				);
				PRODUCT_BUNDLE_IDENTIFIER = "org.reactjs.native.example.$(PRODUCT_NAME:rfc1034identifier)";
				PRODUCT_NAME = news_cool;
				SWIFT_OPTIMIZATION_LEVEL = "-Onone";
				SWIFT_VERSION = 5.0;
				VERSIONING_SYSTEM = "apple-generic";
			};
			name = Debug;
		};
		13B07F951A680F5B00A75B9A /* Release */ = {
			isa = XCBuildConfiguration;
			baseConfigurationReference = DC7F9A9EAC342C700F1BEED5 /* Pods-news_cool.release.xcconfig */;
			buildSettings = {
				ASSETCATALOG_COMPILER_APPICON_NAME = AppIcon;
				CLANG_ENABLE_MODULES = YES;
				CURRENT_PROJECT_VERSION = 1;
				INFOPLIST_FILE = news_cool/Info.plist;
				LD_RUNPATH_SEARCH_PATHS = (
					"$(inherited)",
					"@executable_path/Frameworks",
				);
				MARKETING_VERSION = 1.0;
				OTHER_LDFLAGS = (
					"$(inherited)",
					"-ObjC",
					"-lc++",
				);
				PRODUCT_BUNDLE_IDENTIFIER = "org.reactjs.native.example.$(PRODUCT_NAME:rfc1034identifier)";
				PRODUCT_NAME = news_cool;
				SWIFT_VERSION = 5.0;
				VERSIONING_SYSTEM = "apple-generic";
			};
			name = Release;
		};
		83CBBA201A601CBA00E9B192 /* Debug */ = {
			isa = XCBuildConfiguration;
			buildSettings = {
				ALWAYS_SEARCH_USER_PATHS = NO;
				CLANG_ANALYZER_LOCALIZABILITY_NONLOCALIZED = YES;
				CLANG_CXX_LANGUAGE_STANDARD = "c++17";
				CLANG_CXX_LIBRARY = "libc++";
				CLANG_ENABLE_MODULES = YES;
				CLANG_ENABLE_OBJC_ARC = YES;
				CLANG_WARN_BLOCK_CAPTURE_AUTORELEASING = YES;
				CLANG_WARN_BOOL_CONVERSION = YES;
				CLANG_WARN_COMMA = YES;
				CLANG_WARN_CONSTANT_CONVERSION = YES;
				CLANG_WARN_DEPRECATED_OBJC_IMPLEMENTATIONS = YES;
				CLANG_WARN_DIRECT_OBJC_ISA_USAGE = YES_ERROR;
				CLANG_WARN_EMPTY_BODY = YES;
				CLANG_WARN_ENUM_CONVERSION = YES;
				CLANG_WARN_INFINITE_RECURSION = YES;
				CLANG_WARN_INT_CONVERSION = YES;
				CLANG_WARN_NON_LITERAL_NULL_CONVERSION = YES;
				CLANG_WARN_OBJC_IMPLICIT_RETAIN_SELF = YES;
				CLANG_WARN_OBJC_LITERAL_CONVERSION = YES;
				CLANG_WARN_OBJC_ROOT_CLASS = YES_ERROR;
				CLANG_WARN_QUOTED_INCLUDE_IN_FRAMEWORK_HEADER = YES;
				CLANG_WARN_RANGE_LOOP_ANALYSIS = YES;
				CLANG_WARN_STRICT_PROTOTYPES = YES;
				CLANG_WARN_SUSPICIOUS_MOVE = YES;
				CLANG_WARN_UNREACHABLE_CODE = YES;
				CLANG_WARN__DUPLICATE_METHOD_MATCH = YES;
				"CODE_SIGN_IDENTITY[sdk=iphoneos*]" = "iPhone Developer";
				COPY_PHASE_STRIP = NO;
				ENABLE_STRICT_OBJC_MSGSEND = YES;
				ENABLE_TESTABILITY = YES;
				"EXCLUDED_ARCHS[sdk=iphonesimulator*]" = i386;
				GCC_C_LANGUAGE_STANDARD = gnu99;
				GCC_DYNAMIC_NO_PIC = NO;
				GCC_NO_COMMON_BLOCKS = YES;
				GCC_OPTIMIZATION_LEVEL = 0;
				GCC_PREPROCESSOR_DEFINITIONS = (
					"DEBUG=1",
					"$(inherited)",
				);
				GCC_SYMBOLS_PRIVATE_EXTERN = NO;
				GCC_WARN_64_TO_32_BIT_CONVERSION = YES;
				GCC_WARN_ABOUT_RETURN_TYPE = YES_ERROR;
				GCC_WARN_UNDECLARED_SELECTOR = YES;
				GCC_WARN_UNINITIALIZED_AUTOS = YES_AGGRESSIVE;
				GCC_WARN_UNUSED_FUNCTION = YES;
				GCC_WARN_UNUSED_VARIABLE = YES;
				IPHONEOS_DEPLOYMENT_TARGET = 12.4;
				LD_RUNPATH_SEARCH_PATHS = (
					/usr/lib/swift,
					"$(inherited)",
				);
				LIBRARY_SEARCH_PATHS = (
					"\"$(SDKROOT)/usr/lib/swift\"",
					"\"$(TOOLCHAIN_DIR)/usr/lib/swift/$(PLATFORM_NAME)\"",
					"\"$(inherited)\"",
				);
				MTL_ENABLE_DEBUG_INFO = YES;
				ONLY_ACTIVE_ARCH = YES;
				OTHER_CFLAGS = "$(inherited)";
				OTHER_CPLUSPLUSFLAGS = (
					"$(OTHER_CFLAGS)",
					"-DFOLLY_NO_CONFIG",
					"-DFOLLY_MOBILE=1",
					"-DFOLLY_USE_LIBCPP=1",
				);
				REACT_NATIVE_PATH = "${PODS_ROOT}/../../node_modules/react-native";
				SDKROOT = iphoneos;
			};
			name = Debug;
		};
		83CBBA211A601CBA00E9B192 /* Release */ = {
			isa = XCBuildConfiguration;
			buildSettings = {
				ALWAYS_SEARCH_USER_PATHS = NO;
				CLANG_ANALYZER_LOCALIZABILITY_NONLOCALIZED = YES;
				CLANG_CXX_LANGUAGE_STANDARD = "c++17";
				CLANG_CXX_LIBRARY = "libc++";
				CLANG_ENABLE_MODULES = YES;
				CLANG_ENABLE_OBJC_ARC = YES;
				CLANG_WARN_BLOCK_CAPTURE_AUTORELEASING = YES;
				CLANG_WARN_BOOL_CONVERSION = YES;
				CLANG_WARN_COMMA = YES;
				CLANG_WARN_CONSTANT_CONVERSION = YES;
				CLANG_WARN_DEPRECATED_OBJC_IMPLEMENTATIONS = YES;
				CLANG_WARN_DIRECT_OBJC_ISA_USAGE = YES_ERROR;
				CLANG_WARN_EMPTY_BODY = YES;
				CLANG_WARN_ENUM_CONVERSION = YES;
				CLANG_WARN_INFINITE_RECURSION = YES;
				CLANG_WARN_INT_CONVERSION = YES;
				CLANG_WARN_NON_LITERAL_NULL_CONVERSION = YES;
				CLANG_WARN_OBJC_IMPLICIT_RETAIN_SELF = YES;
				CLANG_WARN_OBJC_LITERAL_CONVERSION = YES;
				CLANG_WARN_OBJC_ROOT_CLASS = YES_ERROR;
				CLANG_WARN_QUOTED_INCLUDE_IN_FRAMEWORK_HEADER = YES;
				CLANG_WARN_RANGE_LOOP_ANALYSIS = YES;
				CLANG_WARN_STRICT_PROTOTYPES = YES;
				CLANG_WARN_SUSPICIOUS_MOVE = YES;
				CLANG_WARN_UNREACHABLE_CODE = YES;
				CLANG_WARN__DUPLICATE_METHOD_MATCH = YES;
				"CODE_SIGN_IDENTITY[sdk=iphoneos*]" = "iPhone Developer";
				COPY_PHASE_STRIP = YES;
				ENABLE_NS_ASSERTIONS = NO;
				ENABLE_STRICT_OBJC_MSGSEND = YES;
				"EXCLUDED_ARCHS[sdk=iphonesimulator*]" = i386;
				GCC_C_LANGUAGE_STANDARD = gnu99;
				GCC_NO_COMMON_BLOCKS = YES;
				GCC_WARN_64_TO_32_BIT_CONVERSION = YES;
				GCC_WARN_ABOUT_RETURN_TYPE = YES_ERROR;
				GCC_WARN_UNDECLARED_SELECTOR = YES;
				GCC_WARN_UNINITIALIZED_AUTOS = YES_AGGRESSIVE;
				GCC_WARN_UNUSED_FUNCTION = YES;
				GCC_WARN_UNUSED_VARIABLE = YES;
				IPHONEOS_DEPLOYMENT_TARGET = 12.4;
				LD_RUNPATH_SEARCH_PATHS = (
					/usr/lib/swift,
					"$(inherited)",
				);
				LIBRARY_SEARCH_PATHS = (
					"\"$(SDKROOT)/usr/lib/swift\"",
					"\"$(TOOLCHAIN_DIR)/usr/lib/swift/$(PLATFORM_NAME)\"",
					"\"$(inherited)\"",
				);
				MTL_ENABLE_DEBUG_INFO = NO;
				OTHER_CFLAGS = "$(inherited)";
				OTHER_CPLUSPLUSFLAGS = (
					"$(OTHER_CFLAGS)",
					"-DFOLLY_NO_CONFIG",
					"-DFOLLY_MOBILE=1",
					"-DFOLLY_USE_LIBCPP=1",
				);
				REACT_NATIVE_PATH = "${PODS_ROOT}/../../node_modules/react-native";
				SDKROOT = iphoneos;
				VALIDATE_PRODUCT = YES;
			};
			name = Release;
		};
/* End XCBuildConfiguration section */

/* Begin XCConfigurationList section */
		00E357021AD99517003FC87E /* Build configuration list for PBXNativeTarget "news_coolTests" */ = {
			isa = XCConfigurationList;
			buildConfigurations = (
				00E356F61AD99517003FC87E /* Debug */,
				00E356F71AD99517003FC87E /* Release */,
			);
			defaultConfigurationIsVisible = 0;
			defaultConfigurationName = Release;
		};
		13B07F931A680F5B00A75B9A /* Build configuration list for PBXNativeTarget "news_cool" */ = {
			isa = XCConfigurationList;
			buildConfigurations = (
				13B07F941A680F5B00A75B9A /* Debug */,
				13B07F951A680F5B00A75B9A /* Release */,
			);
			defaultConfigurationIsVisible = 0;
			defaultConfigurationName = Release;
		};
		83CBB9FA1A601CBA00E9B192 /* Build configuration list for PBXProject "news_cool" */ = {
			isa = XCConfigurationList;
			buildConfigurations = (
				83CBBA201A601CBA00E9B192 /* Debug */,
				83CBBA211A601CBA00E9B192 /* Release */,
			);
			defaultConfigurationIsVisible = 0;
			defaultConfigurationName = Release;
		};
/* End XCConfigurationList section */
	};
	rootObject = 83CBB9F71A601CBA00E9B192 /* Project object */;
}
